
Microsoft Visual Studio Solution File, Format Version 12.00
# Visual Studio Version 17
VisualStudioVersion = 17.14.36109.1 d17.14
MinimumVisualStudioVersion = 10.0.40219.1
Project("{FAE04EC0-301F-11D3-BF4B-00C04F79EFBC}") = "MultiTabbedSshClientWinForms_TeraStyle", "MultiTabbedSshClientWinForms_TeraStyle.csproj", "{5C54672D-951A-7AC0-E7DA-829F8608C552}"
EndProject
Global
	GlobalSection(SolutionConfigurationPlatforms) = preSolution
		Debug|Any CPU = Debug|Any CPU
		Release|Any CPU = Release|Any CPU
	EndGlobalSection
	GlobalSection(ProjectConfigurationPlatforms) = postSolution
		{5C54672D-951A-7AC0-E7DA-829F8608C552}.Debug|Any CPU.ActiveCfg = Debug|Any CPU
		{5C54672D-951A-7AC0-E7DA-829F8608C552}.Debug|Any CPU.Build.0 = Debug|Any CPU
		{5C54672D-951A-7AC0-E7DA-829F8608C552}.Release|Any CPU.ActiveCfg = Release|Any CPU
		{5C54672D-951A-7AC0-E7DA-829F8608C552}.Release|Any CPU.Build.0 = Release|Any CPU
	EndGlobalSection
	GlobalSection(SolutionProperties) = preSolution
		HideSolutionNode = FALSE
	EndGlobalSection
	GlobalSection(ExtensibilityGlobals) = postSolution
		SolutionGuid = {4E75878E-898B-418E-8EFC-D543C37AAC36}
	EndGlobalSection
EndGlobal
